Microsoft Visual Studio Solution File, Format Version 11.00
# Visual Studio 2008

Project("{17CF95B2-3713-D1CE-7EFD-6FFEE22CCA3F}") = "Exclusive Images", "Assembly-CSharp.csproj", "{E9791AAD-D4A9-CB7B-81EA-BB18FB613ADD}"
EndProject
Project("{17CF95B2-3713-D1CE-7EFD-6FFEE22CCA3F}") = "Exclusive Images", "Assembly-CSharp-Editor.csproj", "{A2E9BFE5-7F48-FE54-0897-E9DAAB737580}"
EndProject
Global
	GlobalSection(SolutionConfigurationPlatforms) = preSolution
		Debug|Any CPU = Debug|Any CPU
		Release|Any CPU = Release|Any CPU
	EndGlobalSection
	GlobalSection(ProjectConfigurationPlatforms) = postSolution
		{E9791AAD-D4A9-CB7B-81EA-BB18FB613ADD}.Debug|Any CPU.ActiveCfg = Debug|Any CPU
		{E9791AAD-D4A9-CB7B-81EA-BB18FB613ADD}.Debug|Any CPU.Build.0 = Debug|Any CPU
		{E9791AAD-D4A9-CB7B-81EA-BB18FB613ADD}.Release|Any CPU.ActiveCfg = Release|Any CPU
		{E9791AAD-D4A9-CB7B-81EA-BB18FB613ADD}.Release|Any CPU.Build.0 = Release|Any CPU
		{A2E9BFE5-7F48-FE54-0897-E9DAAB737580}.Debug|Any CPU.ActiveCfg = Debug|Any CPU
		{A2E9BFE5-7F48-FE54-0897-E9DAAB737580}.Debug|Any CPU.Build.0 = Debug|Any CPU
		{A2E9BFE5-7F48-FE54-0897-E9DAAB737580}.Release|Any CPU.ActiveCfg = Release|Any CPU
		{A2E9BFE5-7F48-FE54-0897-E9DAAB737580}.Release|Any CPU.Build.0 = Release|Any CPU
	EndGlobalSection
	GlobalSection(SolutionProperties) = preSolution
		HideSolutionNode = FALSE
	EndGlobalSection
	GlobalSection(MonoDevelopProperties) = preSolution
		StartupItem = Assembly-CSharp.csproj
	EndGlobalSection
EndGlobal
