Microsoft Visual Studio Solution File, Format Version 11.00
# Visual Studio 2008

Project("{D6AF34F8-8AB3-1A0F-997C-CB39EECC8A83}") = "Automobile Engineering", "Assembly-CSharp.csproj", "{9EBA431C-BB7A-EB73-DF2D-F7295F1797F5}"
EndProject
Project("{D6AF34F8-8AB3-1A0F-997C-CB39EECC8A83}") = "Automobile Engineering", "Assembly-CSharp-Editor.csproj", "{56EAD7F2-FDD0-A239-8680-4484B0EECF74}"
EndProject
Global
	GlobalSection(SolutionConfigurationPlatforms) = preSolution
		Debug|Any CPU = Debug|Any CPU
		Release|Any CPU = Release|Any CPU
	EndGlobalSection
	GlobalSection(ProjectConfigurationPlatforms) = postSolution
		{9EBA431C-BB7A-EB73-DF2D-F7295F1797F5}.Debug|Any CPU.ActiveCfg = Debug|Any CPU
		{9EBA431C-BB7A-EB73-DF2D-F7295F1797F5}.Debug|Any CPU.Build.0 = Debug|Any CPU
		{9EBA431C-BB7A-EB73-DF2D-F7295F1797F5}.Release|Any CPU.ActiveCfg = Release|Any CPU
		{9EBA431C-BB7A-EB73-DF2D-F7295F1797F5}.Release|Any CPU.Build.0 = Release|Any CPU
		{56EAD7F2-FDD0-A239-8680-4484B0EECF74}.Debug|Any CPU.ActiveCfg = Debug|Any CPU
		{56EAD7F2-FDD0-A239-8680-4484B0EECF74}.Debug|Any CPU.Build.0 = Debug|Any CPU
		{56EAD7F2-FDD0-A239-8680-4484B0EECF74}.Release|Any CPU.ActiveCfg = Release|Any CPU
		{56EAD7F2-FDD0-A239-8680-4484B0EECF74}.Release|Any CPU.Build.0 = Release|Any CPU
	EndGlobalSection
	GlobalSection(SolutionProperties) = preSolution
		HideSolutionNode = FALSE
	EndGlobalSection
	GlobalSection(MonoDevelopProperties) = preSolution
		StartupItem = Assembly-CSharp.csproj
	EndGlobalSection
EndGlobal
